Microsoft Visual Studio Solution File, Format Version 11.00
# Visual Studio 2008

Project("{99CA63B9-0E5A-47C3-7561-6C4390BD9E15}") = "roundedCube", "Assembly-CSharp.csproj", "{1008C505-0077-A5E7-7C1C-670627F9680C}"
EndProject
Global
	GlobalSection(SolutionConfigurationPlatforms) = preSolution
		Debug|Any CPU = Debug|Any CPU
		Release|Any CPU = Release|Any CPU
	EndGlobalSection
	GlobalSection(ProjectConfigurationPlatforms) = postSolution
		{1008C505-0077-A5E7-7C1C-670627F9680C}.Debug|Any CPU.ActiveCfg = Debug|Any CPU
		{1008C505-0077-A5E7-7C1C-670627F9680C}.Debug|Any CPU.Build.0 = Debug|Any CPU
		{1008C505-0077-A5E7-7C1C-670627F9680C}.Release|Any CPU.ActiveCfg = Release|Any CPU
		{1008C505-0077-A5E7-7C1C-670627F9680C}.Release|Any CPU.Build.0 = Release|Any CPU
	EndGlobalSection
	GlobalSection(SolutionProperties) = preSolution
		HideSolutionNode = FALSE
	EndGlobalSection
	GlobalSection(MonoDevelopProperties) = preSolution
		StartupItem = Assembly-CSharp.csproj
	EndGlobalSection
EndGlobal
